
Microsoft Visual Studio Solution File, Format Version 12.00
# Visual Studio 15
VisualStudioVersion = 15.0.28010.2036
MinimumVisualStudioVersion = 10.0.40219.1
Project("{FAE04EC0-301F-11D3-BF4B-00C04F79EFBC}") = "ClassAttendanceFaceDetection", "ClassAttendanceFaceDetection\ClassAttendanceFaceDetection.csproj", "{7A7EDA54-5F34-493F-9EE6-EC5E47B3FC0E}"
EndProject
Global
	GlobalSection(SolutionConfigurationPlatforms) = preSolution
		Debug|Any CPU = Debug|Any CPU
		Release|Any CPU = Release|Any CPU
	EndGlobalSection
	GlobalSection(ProjectConfigurationPlatforms) = postSolution
		{7A7EDA54-5F34-493F-9EE6-EC5E47B3FC0E}.Debug|Any CPU.ActiveCfg = Debug|Any CPU
		{7A7EDA54-5F34-493F-9EE6-EC5E47B3FC0E}.Debug|Any CPU.Build.0 = Debug|Any CPU
		{7A7EDA54-5F34-493F-9EE6-EC5E47B3FC0E}.Release|Any CPU.ActiveCfg = Release|Any CPU
		{7A7EDA54-5F34-493F-9EE6-EC5E47B3FC0E}.Release|Any CPU.Build.0 = Release|Any CPU
	EndGlobalSection
	GlobalSection(SolutionProperties) = preSolution
		HideSolutionNode = FALSE
	EndGlobalSection
	GlobalSection(ExtensibilityGlobals) = postSolution
		SolutionGuid = {58F2A25B-0321-4624-9A77-9D39C8F3E09A}
	EndGlobalSection
EndGlobal
